
Microsoft Visual Studio Solution File, Format Version 12.00
# Visual Studio 15
VisualStudioVersion = 15.0.28307.705
MinimumVisualStudioVersion = 10.0.40219.1
Project("{9A19103F-16F7-4668-BE54-9A1E7A4F7556}") = "DN-FastReader", "DN-FastReader\DN-FastReader.csproj", "{506BF978-35DA-4B8E-B9C1-9126C557F823}"
	ProjectSection(ProjectDependencies) = postProject
		{D9CA84CD-D082-4DA4-A41F-732072CBB878} = {D9CA84CD-D082-4DA4-A41F-732072CBB878}
	EndProjectSection
EndProject
Project("{9A19103F-16F7-4668-BE54-9A1E7A4F7556}") = "Cores.Lib.Basic.DotNet2.1.Full", "submodules\IPA-DN-Cores\Cores.NET\Cores.Lib\Cores.Lib.Basic.DotNet2.1.Full\Cores.Lib.Basic.DotNet2.1.Full.csproj", "{D9CA84CD-D082-4DA4-A41F-732072CBB878}"
EndProject
Project("{D954291E-2A0B-460D-934E-DC6B0785DB48}") = "Cores.Basic", "submodules\IPA-DN-Cores\Cores.NET\Cores.Basic\Cores.Basic.shproj", "{1C674893-7C84-4E7C-834E-6E2370225DA0}"
EndProject
Project("{D954291E-2A0B-460D-934E-DC6B0785DB48}") = "Cores.Codes", "submodules\IPA-DN-Cores\Cores.NET\Cores.Codes\Cores.Codes.shproj", "{1C674893-7C84-4E7A-834E-6E2370225D99}"
EndProject
Global
	GlobalSection(SharedMSBuildProjectFiles) = preSolution
		submodules\IPA-DN-Cores\Cores.NET\Cores.Codes\Cores.Codes.projitems*{1c674893-7c84-4e7a-834e-6e2370225d99}*SharedItemsImports = 13
		submodules\IPA-DN-Cores\Cores.NET\Cores.Basic\Cores.Basic.projitems*{1c674893-7c84-4e7c-834e-6e2370225da0}*SharedItemsImports = 13
	EndGlobalSection
	GlobalSection(SolutionConfigurationPlatforms) = preSolution
		Debug|Any CPU = Debug|Any CPU
		Release|Any CPU = Release|Any CPU
	EndGlobalSection
	GlobalSection(ProjectConfigurationPlatforms) = postSolution
		{506BF978-35DA-4B8E-B9C1-9126C557F823}.Debug|Any CPU.ActiveCfg = Debug|Any CPU
		{506BF978-35DA-4B8E-B9C1-9126C557F823}.Debug|Any CPU.Build.0 = Debug|Any CPU
		{506BF978-35DA-4B8E-B9C1-9126C557F823}.Release|Any CPU.ActiveCfg = Release|Any CPU
		{506BF978-35DA-4B8E-B9C1-9126C557F823}.Release|Any CPU.Build.0 = Release|Any CPU
		{D9CA84CD-D082-4DA4-A41F-732072CBB878}.Debug|Any CPU.ActiveCfg = Debug|Any CPU
		{D9CA84CD-D082-4DA4-A41F-732072CBB878}.Debug|Any CPU.Build.0 = Debug|Any CPU
		{D9CA84CD-D082-4DA4-A41F-732072CBB878}.Release|Any CPU.ActiveCfg = Release|Any CPU
		{D9CA84CD-D082-4DA4-A41F-732072CBB878}.Release|Any CPU.Build.0 = Release|Any CPU
	EndGlobalSection
	GlobalSection(SolutionProperties) = preSolution
		HideSolutionNode = FALSE
	EndGlobalSection
	GlobalSection(ExtensibilityGlobals) = postSolution
		SolutionGuid = {7B64B4F8-75A3-48DD-835A-FFFED9013B19}
	EndGlobalSection
EndGlobal
